{
    "name": "DI Website",
    "version": "1.0.0",
    "lockfileVersion": 1,
    "requires": true,
    "dependencies": {
        "mmenu-js": {
            "version": "8.4.6",
            "resolved": "https://registry.npmjs.org/mmenu-js/-/mmenu-js-8.4.6.tgz",
            "integrity": "sha512-GCNXXmKW+HoohZhPTJAbbzIYAbssDMgUucZLpYOENPv55PRT5/XjYF9Or6D8+A2ZmzjHFbpJtpCR7VEyUJpsNg=="
        }
    }
}
